
Microsoft Visual Studio Solution File, Format Version 12.00
# Visual Studio 15
VisualStudioVersion = 15.0.28010.2041
MinimumVisualStudioVersion = 10.0.40219.1
Project("{FAE04EC0-301F-11D3-BF4B-00C04F79EFBC}") = "program1", "program1\program1.csproj", "{E39890A4-DABD-4D87-A33C-B8FAB96E199C}"
EndProject
Global
	GlobalSection(SolutionConfigurationPlatforms) = preSolution
		Debug|Any CPU = Debug|Any CPU
		Release|Any CPU = Release|Any CPU
	EndGlobalSection
	GlobalSection(ProjectConfigurationPlatforms) = postSolution
		{E39890A4-DABD-4D87-A33C-B8FAB96E199C}.Debug|Any CPU.ActiveCfg = Debug|Any CPU
		{E39890A4-DABD-4D87-A33C-B8FAB96E199C}.Debug|Any CPU.Build.0 = Debug|Any CPU
		{E39890A4-DABD-4D87-A33C-B8FAB96E199C}.Release|Any CPU.ActiveCfg = Release|Any CPU
		{E39890A4-DABD-4D87-A33C-B8FAB96E199C}.Release|Any CPU.Build.0 = Release|Any CPU
	EndGlobalSection
	GlobalSection(SolutionProperties) = preSolution
		HideSolutionNode = FALSE
	EndGlobalSection
	GlobalSection(ExtensibilityGlobals) = postSolution
		SolutionGuid = {29ED19BF-BC57-452C-BD2F-66BDC402F536}
	EndGlobalSection
EndGlobal
