
Microsoft Visual Studio Solution File, Format Version 12.00
# Visual Studio 15
VisualStudioVersion = 15.0.28010.2041
MinimumVisualStudioVersion = 10.0.40219.1
Project("{FAE04EC0-301F-11D3-BF4B-00C04F79EFBC}") = "homework7", "homework7\homework7.csproj", "{806EB51E-B995-4821-8F5B-2DC9F4A8412D}"
EndProject
Project("{FAE04EC0-301F-11D3-BF4B-00C04F79EFBC}") = "program1", "program1\program1.csproj", "{6588734B-37FA-4CE0-B051-51D1A03169B9}"
EndProject
Global
	GlobalSection(SolutionConfigurationPlatforms) = preSolution
		Debug|Any CPU = Debug|Any CPU
		Release|Any CPU = Release|Any CPU
	EndGlobalSection
	GlobalSection(ProjectConfigurationPlatforms) = postSolution
		{806EB51E-B995-4821-8F5B-2DC9F4A8412D}.Debug|Any CPU.ActiveCfg = Debug|Any CPU
		{806EB51E-B995-4821-8F5B-2DC9F4A8412D}.Debug|Any CPU.Build.0 = Debug|Any CPU
		{806EB51E-B995-4821-8F5B-2DC9F4A8412D}.Release|Any CPU.ActiveCfg = Release|Any CPU
		{806EB51E-B995-4821-8F5B-2DC9F4A8412D}.Release|Any CPU.Build.0 = Release|Any CPU
		{6588734B-37FA-4CE0-B051-51D1A03169B9}.Debug|Any CPU.ActiveCfg = Debug|Any CPU
		{6588734B-37FA-4CE0-B051-51D1A03169B9}.Debug|Any CPU.Build.0 = Debug|Any CPU
		{6588734B-37FA-4CE0-B051-51D1A03169B9}.Release|Any CPU.ActiveCfg = Release|Any CPU
		{6588734B-37FA-4CE0-B051-51D1A03169B9}.Release|Any CPU.Build.0 = Release|Any CPU
	EndGlobalSection
	GlobalSection(SolutionProperties) = preSolution
		HideSolutionNode = FALSE
	EndGlobalSection
	GlobalSection(ExtensibilityGlobals) = postSolution
		SolutionGuid = {3826DED7-F062-46F8-B91C-F496D31B15CC}
	EndGlobalSection
EndGlobal
