
Microsoft Visual Studio Solution File, Format Version 12.00
# Visual Studio 15
VisualStudioVersion = 15.0.28010.2003
MinimumVisualStudioVersion = 10.0.40219.1
Project("{FAE04EC0-301F-11D3-BF4B-00C04F79EFBC}") = "program1", "homework2\program1.csproj", "{79738E20-ECC2-4134-8CB1-E22F7DB128D7}"
EndProject
Project("{FAE04EC0-301F-11D3-BF4B-00C04F79EFBC}") = "program2", "program2\program2.csproj", "{B68D89A6-0142-4D25-869E-45D03A894FA7}"
EndProject
Project("{FAE04EC0-301F-11D3-BF4B-00C04F79EFBC}") = "program3", "program3\program3.csproj", "{C82FD924-AD3B-4452-ACEA-97E86251BCCF}"
EndProject
Global
	GlobalSection(SolutionConfigurationPlatforms) = preSolution
		Debug|Any CPU = Debug|Any CPU
		Release|Any CPU = Release|Any CPU
	EndGlobalSection
	GlobalSection(ProjectConfigurationPlatforms) = postSolution
		{79738E20-ECC2-4134-8CB1-E22F7DB128D7}.Debug|Any CPU.ActiveCfg = Debug|Any CPU
		{79738E20-ECC2-4134-8CB1-E22F7DB128D7}.Debug|Any CPU.Build.0 = Debug|Any CPU
		{79738E20-ECC2-4134-8CB1-E22F7DB128D7}.Release|Any CPU.ActiveCfg = Release|Any CPU
		{79738E20-ECC2-4134-8CB1-E22F7DB128D7}.Release|Any CPU.Build.0 = Release|Any CPU
		{B68D89A6-0142-4D25-869E-45D03A894FA7}.Debug|Any CPU.ActiveCfg = Debug|Any CPU
		{B68D89A6-0142-4D25-869E-45D03A894FA7}.Debug|Any CPU.Build.0 = Debug|Any CPU
		{B68D89A6-0142-4D25-869E-45D03A894FA7}.Release|Any CPU.ActiveCfg = Release|Any CPU
		{B68D89A6-0142-4D25-869E-45D03A894FA7}.Release|Any CPU.Build.0 = Release|Any CPU
		{C82FD924-AD3B-4452-ACEA-97E86251BCCF}.Debug|Any CPU.ActiveCfg = Debug|Any CPU
		{C82FD924-AD3B-4452-ACEA-97E86251BCCF}.Debug|Any CPU.Build.0 = Debug|Any CPU
		{C82FD924-AD3B-4452-ACEA-97E86251BCCF}.Release|Any CPU.ActiveCfg = Release|Any CPU
		{C82FD924-AD3B-4452-ACEA-97E86251BCCF}.Release|Any CPU.Build.0 = Release|Any CPU
	EndGlobalSection
	GlobalSection(SolutionProperties) = preSolution
		HideSolutionNode = FALSE
	EndGlobalSection
	GlobalSection(ExtensibilityGlobals) = postSolution
		SolutionGuid = {B2616C45-6E50-41BC-A21E-4E5F84956AEB}
	EndGlobalSection
EndGlobal
