
Microsoft Visual Studio Solution File, Format Version 12.00
# Visual Studio 15
VisualStudioVersion = 15.0.28010.2041
MinimumVisualStudioVersion = 10.0.40219.1
Project("{FAE04EC0-301F-11D3-BF4B-00C04F79EFBC}") = "program1", "homework6\program1.csproj", "{36218FAA-9F70-4B25-8625-D440D7A133E5}"
EndProject
Project("{FAE04EC0-301F-11D3-BF4B-00C04F79EFBC}") = "program1Tests", "program1Tests\program1Tests.csproj", "{CF862B66-9F20-4445-870D-FD32C57B513A}"
EndProject
Global
	GlobalSection(SolutionConfigurationPlatforms) = preSolution
		Debug|Any CPU = Debug|Any CPU
		Release|Any CPU = Release|Any CPU
	EndGlobalSection
	GlobalSection(ProjectConfigurationPlatforms) = postSolution
		{36218FAA-9F70-4B25-8625-D440D7A133E5}.Debug|Any CPU.ActiveCfg = Debug|Any CPU
		{36218FAA-9F70-4B25-8625-D440D7A133E5}.Debug|Any CPU.Build.0 = Debug|Any CPU
		{36218FAA-9F70-4B25-8625-D440D7A133E5}.Release|Any CPU.ActiveCfg = Release|Any CPU
		{36218FAA-9F70-4B25-8625-D440D7A133E5}.Release|Any CPU.Build.0 = Release|Any CPU
		{CF862B66-9F20-4445-870D-FD32C57B513A}.Debug|Any CPU.ActiveCfg = Debug|Any CPU
		{CF862B66-9F20-4445-870D-FD32C57B513A}.Debug|Any CPU.Build.0 = Debug|Any CPU
		{CF862B66-9F20-4445-870D-FD32C57B513A}.Release|Any CPU.ActiveCfg = Release|Any CPU
		{CF862B66-9F20-4445-870D-FD32C57B513A}.Release|Any CPU.Build.0 = Release|Any CPU
	EndGlobalSection
	GlobalSection(SolutionProperties) = preSolution
		HideSolutionNode = FALSE
	EndGlobalSection
	GlobalSection(ExtensibilityGlobals) = postSolution
		SolutionGuid = {21BA0887-9CCC-4C15-8AE7-D5141CEE6242}
	EndGlobalSection
EndGlobal
